// !$*UTF8*$!
{
	archiveVersion = 1;
	classes = {
	};
	objectVersion = 52;
	objects = {

/* Begin PBXBuildFile section */
		745B2CA926B5D7DC00BE3E8F /* DequeModule in Frameworks */ = {isa = PBXBuildFile; productRef = 745B2CA826B5D7DC00BE3E8F /* DequeModule */; };
		745B2CAB26BAE64C00BE3E8F /* CompactTree.swift in Sources */ = {isa = PBXBuildFile; fileRef = 745B2CAA26BAE64C00BE3E8F /* CompactTree.swift */; };
		745B2CAD26BAF1C000BE3E8F /* PreviewMap.swift in Sources */ = {isa = PBXBuildFile; fileRef = 745B2CAC26BAF1C000BE3E8F /* PreviewMap.swift */; };
		7486B6C626B557B700BFB0F3 /* main.swift in Sources */ = {isa = PBXBuildFile; fileRef = 7486B6C526B557B700BFB0F3 /* main.swift */; };
		7486B6CD26B5582700BFB0F3 /* BoardDescription.swift in Sources */ = {isa = PBXBuildFile; fileRef = 7486B6CC26B5582700BFB0F3 /* BoardDescription.swift */; };
		7486B6CF26B55B9B00BFB0F3 /* Roots.swift in Sources */ = {isa = PBXBuildFile; fileRef = 7486B6CE26B55B9B00BFB0F3 /* Roots.swift */; };
		74A4BB2626BF993D00658182 /* CircularData.swift in Sources */ = {isa = PBXBuildFile; fileRef = 74A4BB2526BF993C00658182 /* CircularData.swift */; };
/* End PBXBuildFile section */

/* Begin PBXCopyFilesBuildPhase section */
		7486B6C026B557B700BFB0F3 /* CopyFiles */ = {
			isa = PBXCopyFilesBuildPhase;
			buildActionMask = 2147483647;
			dstPath = /usr/share/man/man1/;
			dstSubfolderSpec = 0;
			files = (
			);
			runOnlyForDeploymentPostprocessing = 1;
		};
/* End PBXCopyFilesBuildPhase section */

/* Begin PBXFileReference section */
		745B2CAA26BAE64C00BE3E8F /* CompactTree.swift */ = {isa = PBXFileReference; lastKnownFileType = sourcecode.swift; path = CompactTree.swift; sourceTree = "<group>"; };
		745B2CAC26BAF1C000BE3E8F /* PreviewMap.swift */ = {isa = PBXFileReference; lastKnownFileType = sourcecode.swift; path = PreviewMap.swift; sourceTree = "<group>"; };
		7486B6C226B557B700BFB0F3 /* UIDescriptionWalker */ = {isa = PBXFileReference; explicitFileType = "compiled.mach-o.executable"; includeInIndex = 0; path = UIDescriptionWalker; sourceTree = BUILT_PRODUCTS_DIR; };
		7486B6C526B557B700BFB0F3 /* main.swift */ = {isa = PBXFileReference; lastKnownFileType = sourcecode.swift; path = main.swift; sourceTree = "<group>"; };
		7486B6CC26B5582700BFB0F3 /* BoardDescription.swift */ = {isa = PBXFileReference; lastKnownFileType = sourcecode.swift; path = BoardDescription.swift; sourceTree = "<group>"; };
		7486B6CE26B55B9B00BFB0F3 /* Roots.swift */ = {isa = PBXFileReference; lastKnownFileType = sourcecode.swift; path = Roots.swift; sourceTree = "<group>"; };
		74A4BB2526BF993C00658182 /* CircularData.swift */ = {isa = PBXFileReference; lastKnownFileType = sourcecode.swift; path = CircularData.swift; sourceTree = "<group>"; };
/* End PBXFileReference section */

/* Begin PBXFrameworksBuildPhase section */
		7486B6BF26B557B700BFB0F3 /* Frameworks */ = {
			isa = PBXFrameworksBuildPhase;
			buildActionMask = 2147483647;
			files = (
				745B2CA926B5D7DC00BE3E8F /* DequeModule in Frameworks */,
			);
			runOnlyForDeploymentPostprocessing = 0;
		};
/* End PBXFrameworksBuildPhase section */

/* Begin PBXGroup section */
		7486B6B926B557B700BFB0F3 = {
			isa = PBXGroup;
			children = (
				7486B6C426B557B700BFB0F3 /* UIDescriptionWalker */,
				7486B6C326B557B700BFB0F3 /* Products */,
			);
			sourceTree = "<group>";
		};
		7486B6C326B557B700BFB0F3 /* Products */ = {
			isa = PBXGroup;
			children = (
				7486B6C226B557B700BFB0F3 /* UIDescriptionWalker */,
			);
			name = Products;
			sourceTree = "<group>";
		};
		7486B6C426B557B700BFB0F3 /* UIDescriptionWalker */ = {
			isa = PBXGroup;
			children = (
				7486B6C526B557B700BFB0F3 /* main.swift */,
				74A4BB2526BF993C00658182 /* CircularData.swift */,
				7486B6CC26B5582700BFB0F3 /* BoardDescription.swift */,
				745B2CAA26BAE64C00BE3E8F /* CompactTree.swift */,
				745B2CAC26BAF1C000BE3E8F /* PreviewMap.swift */,
				7486B6CE26B55B9B00BFB0F3 /* Roots.swift */,
			);
			path = UIDescriptionWalker;
			sourceTree = "<group>";
		};
/* End PBXGroup section */

/* Begin PBXNativeTarget section */
		7486B6C126B557B700BFB0F3 /* UIDescriptionWalker */ = {
			isa = PBXNativeTarget;
			buildConfigurationList = 7486B6C926B557B700BFB0F3 /* Build configuration list for PBXNativeTarget "UIDescriptionWalker" */;
			buildPhases = (
				7486B6BE26B557B700BFB0F3 /* Sources */,
				7486B6BF26B557B700BFB0F3 /* Frameworks */,
				7486B6C026B557B700BFB0F3 /* CopyFiles */,
			);
			buildRules = (
			);
			dependencies = (
			);
			name = UIDescriptionWalker;
			packageProductDependencies = (
				745B2CA826B5D7DC00BE3E8F /* DequeModule */,
			);
			productName = UIDescriptionWalker;
			productReference = 7486B6C226B557B700BFB0F3 /* UIDescriptionWalker */;
			productType = "com.apple.product-type.tool";
		};
/* End PBXNativeTarget section */

/* Begin PBXProject section */
		7486B6BA26B557B700BFB0F3 /* Project object */ = {
			isa = PBXProject;
			attributes = {
				LastSwiftUpdateCheck = 1250;
				LastUpgradeCheck = 1250;
				TargetAttributes = {
					7486B6C126B557B700BFB0F3 = {
						CreatedOnToolsVersion = 12.5.1;
					};
				};
			};
			buildConfigurationList = 7486B6BD26B557B700BFB0F3 /* Build configuration list for PBXProject "UIDescriptionWalker" */;
			compatibilityVersion = "Xcode 9.3";
			developmentRegion = en;
			hasScannedForEncodings = 0;
			knownRegions = (
				en,
				Base,
			);
			mainGroup = 7486B6B926B557B700BFB0F3;
			packageReferences = (
				745B2CA726B5D7DC00BE3E8F /* XCRemoteSwiftPackageReference "swift-collections" */,
			);
			productRefGroup = 7486B6C326B557B700BFB0F3 /* Products */;
			projectDirPath = "";
			projectRoot = "";
			targets = (
				7486B6C126B557B700BFB0F3 /* UIDescriptionWalker */,
			);
		};
/* End PBXProject section */

/* Begin PBXSourcesBuildPhase section */
		7486B6BE26B557B700BFB0F3 /* Sources */ = {
			isa = PBXSourcesBuildPhase;
			buildActionMask = 2147483647;
			files = (
				7486B6C626B557B700BFB0F3 /* main.swift in Sources */,
				7486B6CF26B55B9B00BFB0F3 /* Roots.swift in Sources */,
				74A4BB2626BF993D00658182 /* CircularData.swift in Sources */,
				7486B6CD26B5582700BFB0F3 /* BoardDescription.swift in Sources */,
				745B2CAD26BAF1C000BE3E8F /* PreviewMap.swift in Sources */,
				745B2CAB26BAE64C00BE3E8F /* CompactTree.swift in Sources */,
			);
			runOnlyForDeploymentPostprocessing = 0;
		};
/* End PBXSourcesBuildPhase section */

/* Begin XCBuildConfiguration section */
		7486B6C726B557B700BFB0F3 /* Debug */ = {
			isa = XCBuildConfiguration;
			buildSettings = {
				ALWAYS_SEARCH_USER_PATHS = NO;
				CLANG_ANALYZER_NONNULL = YES;
				CLANG_ANALYZER_NUMBER_OBJECT_CONVERSION = YES_AGGRESSIVE;
				CLANG_CXX_LANGUAGE_STANDARD = "gnu++14";
				CLANG_CXX_LIBRARY = "libc++";
				CLANG_ENABLE_MODULES = YES;
				CLANG_ENABLE_OBJC_ARC = YES;
				CLANG_ENABLE_OBJC_WEAK = YES;
				CLANG_WARN_BLOCK_CAPTURE_AUTORELEASING = YES;
				CLANG_WARN_BOOL_CONVERSION = YES;
				CLANG_WARN_COMMA = YES;
				CLANG_WARN_CONSTANT_CONVERSION = YES;
				CLANG_WARN_DEPRECATED_OBJC_IMPLEMENTATIONS = YES;
				CLANG_WARN_DIRECT_OBJC_ISA_USAGE = YES_ERROR;
				CLANG_WARN_DOCUMENTATION_COMMENTS = YES;
				CLANG_WARN_EMPTY_BODY = YES;
				CLANG_WARN_ENUM_CONVERSION = YES;
				CLANG_WARN_INFINITE_RECURSION = YES;
				CLANG_WARN_INT_CONVERSION = YES;
				CLANG_WARN_NON_LITERAL_NULL_CONVERSION = YES;
				CLANG_WARN_OBJC_IMPLICIT_RETAIN_SELF = YES;
				CLANG_WARN_OBJC_LITERAL_CONVERSION = YES;
				CLANG_WARN_OBJC_ROOT_CLASS = YES_ERROR;
				CLANG_WARN_QUOTED_INCLUDE_IN_FRAMEWORK_HEADER = YES;
				CLANG_WARN_RANGE_LOOP_ANALYSIS = YES;
				CLANG_WARN_STRICT_PROTOTYPES = YES;
				CLANG_WARN_SUSPICIOUS_MOVE = YES;
				CLANG_WARN_UNGUARDED_AVAILABILITY = YES_AGGRESSIVE;
				CLANG_WARN_UNREACHABLE_CODE = YES;
				CLANG_WARN__DUPLICATE_METHOD_MATCH = YES;
				COPY_PHASE_STRIP = NO;
				DEBUG_INFORMATION_FORMAT = dwarf;
				ENABLE_STRICT_OBJC_MSGSEND = YES;
				ENABLE_TESTABILITY = YES;
				GCC_C_LANGUAGE_STANDARD = gnu11;
				GCC_DYNAMIC_NO_PIC = NO;
				GCC_NO_COMMON_BLOCKS = YES;
				GCC_OPTIMIZATION_LEVEL = 0;
				GCC_PREPROCESSOR_DEFINITIONS = (
					"DEBUG=1",
					"$(inherited)",
				);
				GCC_WARN_64_TO_32_BIT_CONVERSION = YES;
				GCC_WARN_ABOUT_RETURN_TYPE = YES_ERROR;
				GCC_WARN_UNDECLARED_SELECTOR = YES;
				GCC_WARN_UNINITIALIZED_AUTOS = YES_AGGRESSIVE;
				GCC_WARN_UNUSED_FUNCTION = YES;
				GCC_WARN_UNUSED_VARIABLE = YES;
				MACOSX_DEPLOYMENT_TARGET = 11.3;
				MTL_ENABLE_DEBUG_INFO = INCLUDE_SOURCE;
				MTL_FAST_MATH = YES;
				ONLY_ACTIVE_ARCH = YES;
				SDKROOT = macosx;
				SWIFT_ACTIVE_COMPILATION_CONDITIONS = DEBUG;
				SWIFT_OPTIMIZATION_LEVEL = "-Onone";
			};
			name = Debug;
		};
		7486B6C826B557B700BFB0F3 /* Release */ = {
			isa = XCBuildConfiguration;
			buildSettings = {
				ALWAYS_SEARCH_USER_PATHS = NO;
				CLANG_ANALYZER_NONNULL = YES;
				CLANG_ANALYZER_NUMBER_OBJECT_CONVERSION = YES_AGGRESSIVE;
				CLANG_CXX_LANGUAGE_STANDARD = "gnu++14";
				CLANG_CXX_LIBRARY = "libc++";
				CLANG_ENABLE_MODULES = YES;
				CLANG_ENABLE_OBJC_ARC = YES;
				CLANG_ENABLE_OBJC_WEAK = YES;
				CLANG_WARN_BLOCK_CAPTURE_AUTORELEASING = YES;
				CLANG_WARN_BOOL_CONVERSION = YES;
				CLANG_WARN_COMMA = YES;
				CLANG_WARN_CONSTANT_CONVERSION = YES;
				CLANG_WARN_DEPRECATED_OBJC_IMPLEMENTATIONS = YES;
				CLANG_WARN_DIRECT_OBJC_ISA_USAGE = YES_ERROR;
				CLANG_WARN_DOCUMENTATION_COMMENTS = YES;
				CLANG_WARN_EMPTY_BODY = YES;
				CLANG_WARN_ENUM_CONVERSION = YES;
				CLANG_WARN_INFINITE_RECURSION = YES;
				CLANG_WARN_INT_CONVERSION = YES;
				CLANG_WARN_NON_LITERAL_NULL_CONVERSION = YES;
				CLANG_WARN_OBJC_IMPLICIT_RETAIN_SELF = YES;
				CLANG_WARN_OBJC_LITERAL_CONVERSION = YES;
				CLANG_WARN_OBJC_ROOT_CLASS = YES_ERROR;
				CLANG_WARN_QUOTED_INCLUDE_IN_FRAMEWORK_HEADER = YES;
				CLANG_WARN_RANGE_LOOP_ANALYSIS = YES;
				CLANG_WARN_STRICT_PROTOTYPES = YES;
				CLANG_WARN_SUSPICIOUS_MOVE = YES;
				CLANG_WARN_UNGUARDED_AVAILABILITY = YES_AGGRESSIVE;
				CLANG_WARN_UNREACHABLE_CODE = YES;
				CLANG_WARN__DUPLICATE_METHOD_MATCH = YES;
				COPY_PHASE_STRIP = NO;
				DEBUG_INFORMATION_FORMAT = "dwarf-with-dsym";
				ENABLE_NS_ASSERTIONS = NO;
				ENABLE_STRICT_OBJC_MSGSEND = YES;
				GCC_C_LANGUAGE_STANDARD = gnu11;
				GCC_NO_COMMON_BLOCKS = YES;
				GCC_WARN_64_TO_32_BIT_CONVERSION = YES;
				GCC_WARN_ABOUT_RETURN_TYPE = YES_ERROR;
				GCC_WARN_UNDECLARED_SELECTOR = YES;
				GCC_WARN_UNINITIALIZED_AUTOS = YES_AGGRESSIVE;
				GCC_WARN_UNUSED_FUNCTION = YES;
				GCC_WARN_UNUSED_VARIABLE = YES;
				MACOSX_DEPLOYMENT_TARGET = 11.3;
				MTL_ENABLE_DEBUG_INFO = NO;
				MTL_FAST_MATH = YES;
				SDKROOT = macosx;
				SWIFT_COMPILATION_MODE = wholemodule;
				SWIFT_OPTIMIZATION_LEVEL = "-O";
			};
			name = Release;
		};
		7486B6CA26B557B700BFB0F3 /* Debug */ = {
			isa = XCBuildConfiguration;
			buildSettings = {
				CODE_SIGN_STYLE = Automatic;
				DEVELOPMENT_TEAM = 7TD9A665TC;
				ENABLE_HARDENED_RUNTIME = YES;
				PRODUCT_NAME = "$(TARGET_NAME)";
				SWIFT_VERSION = 5.0;
			};
			name = Debug;
		};
		7486B6CB26B557B700BFB0F3 /* Release */ = {
			isa = XCBuildConfiguration;
			buildSettings = {
				CODE_SIGN_STYLE = Automatic;
				DEVELOPMENT_TEAM = 7TD9A665TC;
				ENABLE_HARDENED_RUNTIME = YES;
				PRODUCT_NAME = "$(TARGET_NAME)";
				SWIFT_VERSION = 5.0;
			};
			name = Release;
		};
/* End XCBuildConfiguration section */

/* Begin XCConfigurationList section */
		7486B6BD26B557B700BFB0F3 /* Build configuration list for PBXProject "UIDescriptionWalker" */ = {
			isa = XCConfigurationList;
			buildConfigurations = (
				7486B6C726B557B700BFB0F3 /* Debug */,
				7486B6C826B557B700BFB0F3 /* Release */,
			);
			defaultConfigurationIsVisible = 0;
			defaultConfigurationName = Release;
		};
		7486B6C926B557B700BFB0F3 /* Build configuration list for PBXNativeTarget "UIDescriptionWalker" */ = {
			isa = XCConfigurationList;
			buildConfigurations = (
				7486B6CA26B557B700BFB0F3 /* Debug */,
				7486B6CB26B557B700BFB0F3 /* Release */,
			);
			defaultConfigurationIsVisible = 0;
			defaultConfigurationName = Release;
		};
/* End XCConfigurationList section */

/* Begin XCRemoteSwiftPackageReference section */
		745B2CA726B5D7DC00BE3E8F /* XCRemoteSwiftPackageReference "swift-collections" */ = {
			isa = XCRemoteSwiftPackageReference;
			repositoryURL = "https://github.com/apple/swift-collections";
			requirement = {
				kind = upToNextMajorVersion;
				minimumVersion = 0.0.5;
			};
		};
/* End XCRemoteSwiftPackageReference section */

/* Begin XCSwiftPackageProductDependency section */
		745B2CA826B5D7DC00BE3E8F /* DequeModule */ = {
			isa = XCSwiftPackageProductDependency;
			package = 745B2CA726B5D7DC00BE3E8F /* XCRemoteSwiftPackageReference "swift-collections" */;
			productName = DequeModule;
		};
/* End XCSwiftPackageProductDependency section */
	};
	rootObject = 7486B6BA26B557B700BFB0F3 /* Project object */;
}
