// !$*UTF8*$!
{
	archiveVersion = 1;
	classes = {
	};
	objectVersion = 52;
	objects = {

/* Begin PBXBuildFile section */
		742A1922269461C000026280 /* Tests_iOS.swift in Sources */ = {isa = PBXBuildFile; fileRef = 742A1921269461C000026280 /* Tests_iOS.swift */; };
		742A192D2694656000026280 /* View+Render.swift in Sources */ = {isa = PBXBuildFile; fileRef = 742A192C2694656000026280 /* View+Render.swift */; };
		742A192E2694657700026280 /* View+Render.swift in Sources */ = {isa = PBXBuildFile; fileRef = 742A192C2694656000026280 /* View+Render.swift */; };
		742A1932269465DF00026280 /* View+TypeDescription.swift in Sources */ = {isa = PBXBuildFile; fileRef = 742A1931269465DF00026280 /* View+TypeDescription.swift */; };
		742A19332694660200026280 /* View+TypeDescription.swift in Sources */ = {isa = PBXBuildFile; fileRef = 742A1931269465DF00026280 /* View+TypeDescription.swift */; };
		742A1935269466FB00026280 /* PreviewCapture.swift in Sources */ = {isa = PBXBuildFile; fileRef = 742A1934269466FB00026280 /* PreviewCapture.swift */; };
		742A1936269466FB00026280 /* PreviewCapture.swift in Sources */ = {isa = PBXBuildFile; fileRef = 742A1934269466FB00026280 /* PreviewCapture.swift */; };
		742A193C2694A02F00026280 /* View+Splitter.swift in Sources */ = {isa = PBXBuildFile; fileRef = 742A193B2694A02F00026280 /* View+Splitter.swift */; };
		742A193F2694A07600026280 /* View+Splitter.swift in Sources */ = {isa = PBXBuildFile; fileRef = 742A193E2694A07600026280 /* View+Splitter.swift */; };
		742A19402694A34300026280 /* SymbolGraph.swift in Sources */ = {isa = PBXBuildFile; fileRef = 74970982268EE1C500890A0A /* SymbolGraph.swift */; };
		742A19412694A34300026280 /* SymbolGraph.swift in Sources */ = {isa = PBXBuildFile; fileRef = 74970982268EE1C500890A0A /* SymbolGraph.swift */; };
		742A19492694A38700026280 /* Tests_macOS.swift in Sources */ = {isa = PBXBuildFile; fileRef = 742A19482694A38700026280 /* Tests_macOS.swift */; };
		742A196A2694C20400026280 /* main.swift in Sources */ = {isa = PBXBuildFile; fileRef = 742A19692694C20400026280 /* main.swift */; };
		742A196E2694C21100026280 /* BodyWrapper.swift in Sources */ = {isa = PBXBuildFile; fileRef = 748AFE91268E1923006D8EB0 /* BodyWrapper.swift */; };
		742A19712694C24C00026280 /* SwiftSyntax in Frameworks */ = {isa = PBXBuildFile; productRef = 742A19702694C24C00026280 /* SwiftSyntax */; };
		742A19742694C2EC00026280 /* ViewGraph.swift in Sources */ = {isa = PBXBuildFile; fileRef = 742A19722694C2E800026280 /* ViewGraph.swift */; };
		742A19752694C2F200026280 /* SymbolGraph.swift in Sources */ = {isa = PBXBuildFile; fileRef = 74970982268EE1C500890A0A /* SymbolGraph.swift */; };
		742A19762694C3D600026280 /* ViewGraph.swift in Sources */ = {isa = PBXBuildFile; fileRef = 742A19722694C2E800026280 /* ViewGraph.swift */; };
		745B7255268E429600222742 /* ViewB.swift in Sources */ = {isa = PBXBuildFile; fileRef = 745B7253268E429500222742 /* ViewB.swift */; };
		745B7256268E429600222742 /* ViewB.swift in Sources */ = {isa = PBXBuildFile; fileRef = 745B7253268E429500222742 /* ViewB.swift */; };
		745B7257268E429600222742 /* ViewA.swift in Sources */ = {isa = PBXBuildFile; fileRef = 745B7254268E429500222742 /* ViewA.swift */; };
		745B7258268E429600222742 /* ViewA.swift in Sources */ = {isa = PBXBuildFile; fileRef = 745B7254268E429500222742 /* ViewA.swift */; };
		748AFE71268E16FF006D8EB0 /* UIBoardApp.swift in Sources */ = {isa = PBXBuildFile; fileRef = 748AFE48268E16FC006D8EB0 /* UIBoardApp.swift */; };
		748AFE72268E16FF006D8EB0 /* UIBoardApp.swift in Sources */ = {isa = PBXBuildFile; fileRef = 748AFE48268E16FC006D8EB0 /* UIBoardApp.swift */; };
		748AFE73268E16FF006D8EB0 /* ContentView.swift in Sources */ = {isa = PBXBuildFile; fileRef = 748AFE49268E16FC006D8EB0 /* ContentView.swift */; };
		748AFE74268E16FF006D8EB0 /* ContentView.swift in Sources */ = {isa = PBXBuildFile; fileRef = 748AFE49268E16FC006D8EB0 /* ContentView.swift */; };
		748AFE75268E16FF006D8EB0 /* Assets.xcassets in Resources */ = {isa = PBXBuildFile; fileRef = 748AFE4A268E16FE006D8EB0 /* Assets.xcassets */; };
		748AFE76268E16FF006D8EB0 /* Assets.xcassets in Resources */ = {isa = PBXBuildFile; fileRef = 748AFE4A268E16FE006D8EB0 /* Assets.xcassets */; };
		748AFE9F268E3983006D8EB0 /* TaggedView.swift in Sources */ = {isa = PBXBuildFile; fileRef = 748AFE9E268E3983006D8EB0 /* TaggedView.swift */; };
		748AFEA0268E3983006D8EB0 /* TaggedView.swift in Sources */ = {isa = PBXBuildFile; fileRef = 748AFE9E268E3983006D8EB0 /* TaggedView.swift */; };
/* End PBXBuildFile section */

/* Begin PBXContainerItemProxy section */
		742A1924269461C000026280 /* PBXContainerItemProxy */ = {
			isa = PBXContainerItemProxy;
			containerPortal = 748AFE43268E16FC006D8EB0 /* Project object */;
			proxyType = 1;
			remoteGlobalIDString = 748AFE4E268E16FE006D8EB0;
			remoteInfo = "UIBoard (iOS)";
		};
		742A194B2694A38700026280 /* PBXContainerItemProxy */ = {
			isa = PBXContainerItemProxy;
			containerPortal = 748AFE43268E16FC006D8EB0 /* Project object */;
			proxyType = 1;
			remoteGlobalIDString = 748AFE56268E16FE006D8EB0;
			remoteInfo = "UIBoard (macOS)";
		};
/* End PBXContainerItemProxy section */

/* Begin PBXCopyFilesBuildPhase section */
		742A19652694C20400026280 /* CopyFiles */ = {
			isa = PBXCopyFilesBuildPhase;
			buildActionMask = 2147483647;
			dstPath = /usr/share/man/man1/;
			dstSubfolderSpec = 0;
			files = (
			);
			runOnlyForDeploymentPostprocessing = 1;
		};
/* End PBXCopyFilesBuildPhase section */

/* Begin PBXFileReference section */
		742A191F269461C000026280 /* Tests iOS.xctest */ = {isa = PBXFileReference; explicitFileType = wrapper.cfbundle; includeInIndex = 0; path = "Tests iOS.xctest"; sourceTree = BUILT_PRODUCTS_DIR; };
		742A1921269461C000026280 /* Tests_iOS.swift */ = {isa = PBXFileReference; lastKnownFileType = sourcecode.swift; path = Tests_iOS.swift; sourceTree = "<group>"; };
		742A1923269461C000026280 /* Info.plist */ = {isa = PBXFileReference; lastKnownFileType = text.plist.xml; path = Info.plist; sourceTree = "<group>"; };
		742A192C2694656000026280 /* View+Render.swift */ = {isa = PBXFileReference; lastKnownFileType = sourcecode.swift; path = "View+Render.swift"; sourceTree = "<group>"; };
		742A1931269465DF00026280 /* View+TypeDescription.swift */ = {isa = PBXFileReference; lastKnownFileType = sourcecode.swift; path = "View+TypeDescription.swift"; sourceTree = "<group>"; };
		742A1934269466FB00026280 /* PreviewCapture.swift */ = {isa = PBXFileReference; lastKnownFileType = sourcecode.swift; path = PreviewCapture.swift; sourceTree = "<group>"; };
		742A193B2694A02F00026280 /* View+Splitter.swift */ = {isa = PBXFileReference; lastKnownFileType = sourcecode.swift; path = "View+Splitter.swift"; sourceTree = "<group>"; };
		742A193E2694A07600026280 /* View+Splitter.swift */ = {isa = PBXFileReference; lastKnownFileType = sourcecode.swift; path = "View+Splitter.swift"; sourceTree = "<group>"; };
		742A19462694A38700026280 /* Tests macOS.xctest */ = {isa = PBXFileReference; explicitFileType = wrapper.cfbundle; includeInIndex = 0; path = "Tests macOS.xctest"; sourceTree = BUILT_PRODUCTS_DIR; };
		742A19482694A38700026280 /* Tests_macOS.swift */ = {isa = PBXFileReference; lastKnownFileType = sourcecode.swift; path = Tests_macOS.swift; sourceTree = "<group>"; };
		742A194A2694A38700026280 /* Info.plist */ = {isa = PBXFileReference; lastKnownFileType = text.plist.xml; path = Info.plist; sourceTree = "<group>"; };
		742A19672694C20400026280 /* SourceTransformer */ = {isa = PBXFileReference; explicitFileType = "compiled.mach-o.executable"; includeInIndex = 0; path = SourceTransformer; sourceTree = BUILT_PRODUCTS_DIR; };
		742A19692694C20400026280 /* main.swift */ = {isa = PBXFileReference; lastKnownFileType = sourcecode.swift; path = main.swift; sourceTree = "<group>"; };
		742A19722694C2E800026280 /* ViewGraph.swift */ = {isa = PBXFileReference; lastKnownFileType = sourcecode.swift; path = ViewGraph.swift; sourceTree = "<group>"; };
		745B7253268E429500222742 /* ViewB.swift */ = {isa = PBXFileReference; fileEncoding = 4; lastKnownFileType = sourcecode.swift; path = ViewB.swift; sourceTree = "<group>"; };
		745B7254268E429500222742 /* ViewA.swift */ = {isa = PBXFileReference; fileEncoding = 4; lastKnownFileType = sourcecode.swift; path = ViewA.swift; sourceTree = "<group>"; };
		748AFE48268E16FC006D8EB0 /* UIBoardApp.swift */ = {isa = PBXFileReference; lastKnownFileType = sourcecode.swift; path = UIBoardApp.swift; sourceTree = "<group>"; };
		748AFE49268E16FC006D8EB0 /* ContentView.swift */ = {isa = PBXFileReference; lastKnownFileType = sourcecode.swift; path = ContentView.swift; sourceTree = "<group>"; };
		748AFE4A268E16FE006D8EB0 /* Assets.xcassets */ = {isa = PBXFileReference; lastKnownFileType = folder.assetcatalog; path = Assets.xcassets; sourceTree = "<group>"; };
		748AFE4F268E16FE006D8EB0 /* UIBoard.app */ = {isa = PBXFileReference; explicitFileType = wrapper.application; includeInIndex = 0; path = UIBoard.app; sourceTree = BUILT_PRODUCTS_DIR; };
		748AFE52268E16FE006D8EB0 /* Info.plist */ = {isa = PBXFileReference; lastKnownFileType = text.plist.xml; path = Info.plist; sourceTree = "<group>"; };
		748AFE57268E16FE006D8EB0 /* UIBoard.app */ = {isa = PBXFileReference; explicitFileType = wrapper.application; includeInIndex = 0; path = UIBoard.app; sourceTree = BUILT_PRODUCTS_DIR; };
		748AFE59268E16FE006D8EB0 /* Info.plist */ = {isa = PBXFileReference; lastKnownFileType = text.plist.xml; path = Info.plist; sourceTree = "<group>"; };
		748AFE5A268E16FE006D8EB0 /* macOS.entitlements */ = {isa = PBXFileReference; lastKnownFileType = text.plist.entitlements; path = macOS.entitlements; sourceTree = "<group>"; };
		748AFE91268E1923006D8EB0 /* BodyWrapper.swift */ = {isa = PBXFileReference; fileEncoding = 4; lastKnownFileType = sourcecode.swift; path = BodyWrapper.swift; sourceTree = "<group>"; };
		748AFE9E268E3983006D8EB0 /* TaggedView.swift */ = {isa = PBXFileReference; fileEncoding = 4; lastKnownFileType = sourcecode.swift; path = TaggedView.swift; sourceTree = "<group>"; };
		74970982268EE1C500890A0A /* SymbolGraph.swift */ = {isa = PBXFileReference; fileEncoding = 4; lastKnownFileType = sourcecode.swift; path = SymbolGraph.swift; sourceTree = "<group>"; };
/* End PBXFileReference section */

/* Begin PBXFrameworksBuildPhase section */
		742A191C269461C000026280 /* Frameworks */ = {
			isa = PBXFrameworksBuildPhase;
			buildActionMask = 2147483647;
			files = (
			);
			runOnlyForDeploymentPostprocessing = 0;
		};
		742A19432694A38700026280 /* Frameworks */ = {
			isa = PBXFrameworksBuildPhase;
			buildActionMask = 2147483647;
			files = (
			);
			runOnlyForDeploymentPostprocessing = 0;
		};
		742A19642694C20400026280 /* Frameworks */ = {
			isa = PBXFrameworksBuildPhase;
			buildActionMask = 2147483647;
			files = (
				742A19712694C24C00026280 /* SwiftSyntax in Frameworks */,
			);
			runOnlyForDeploymentPostprocessing = 0;
		};
		748AFE4C268E16FE006D8EB0 /* Frameworks */ = {
			isa = PBXFrameworksBuildPhase;
			buildActionMask = 2147483647;
			files = (
			);
			runOnlyForDeploymentPostprocessing = 0;
		};
		748AFE54268E16FE006D8EB0 /* Frameworks */ = {
			isa = PBXFrameworksBuildPhase;
			buildActionMask = 2147483647;
			files = (
			);
			runOnlyForDeploymentPostprocessing = 0;
		};
/* End PBXFrameworksBuildPhase section */

/* Begin PBXGroup section */
		742A1920269461C000026280 /* Tests iOS */ = {
			isa = PBXGroup;
			children = (
				742A1921269461C000026280 /* Tests_iOS.swift */,
				742A1923269461C000026280 /* Info.plist */,
			);
			path = "Tests iOS";
			sourceTree = "<group>";
		};
		742A192B2694651A00026280 /* ViewCapturing */ = {
			isa = PBXGroup;
			children = (
				742A1930269465CD00026280 /* Tagging */,
				742A192C2694656000026280 /* View+Render.swift */,
				742A1934269466FB00026280 /* PreviewCapture.swift */,
			);
			path = ViewCapturing;
			sourceTree = "<group>";
		};
		742A1930269465CD00026280 /* Tagging */ = {
			isa = PBXGroup;
			children = (
				748AFE9E268E3983006D8EB0 /* TaggedView.swift */,
				742A1931269465DF00026280 /* View+TypeDescription.swift */,
			);
			path = Tagging;
			sourceTree = "<group>";
		};
		742A19472694A38700026280 /* Tests macOS */ = {
			isa = PBXGroup;
			children = (
				742A19482694A38700026280 /* Tests_macOS.swift */,
				742A194A2694A38700026280 /* Info.plist */,
			);
			path = "Tests macOS";
			sourceTree = "<group>";
		};
		742A19682694C20400026280 /* SourceTransformer */ = {
			isa = PBXGroup;
			children = (
				742A19692694C20400026280 /* main.swift */,
			);
			path = SourceTransformer;
			sourceTree = "<group>";
		};
		748AFE42268E16FC006D8EB0 = {
			isa = PBXGroup;
			children = (
				748AFE47268E16FC006D8EB0 /* Shared */,
				748AFE51268E16FE006D8EB0 /* iOS */,
				748AFE58268E16FE006D8EB0 /* macOS */,
				742A1920269461C000026280 /* Tests iOS */,
				742A19472694A38700026280 /* Tests macOS */,
				742A19682694C20400026280 /* SourceTransformer */,
				748AFE50268E16FE006D8EB0 /* Products */,
				748AFE99268E1963006D8EB0 /* Frameworks */,
			);
			sourceTree = "<group>";
		};
		748AFE47268E16FC006D8EB0 /* Shared */ = {
			isa = PBXGroup;
			children = (
				748AFE48268E16FC006D8EB0 /* UIBoardApp.swift */,
				748AFE49268E16FC006D8EB0 /* ContentView.swift */,
				745B7254268E429500222742 /* ViewA.swift */,
				745B7253268E429500222742 /* ViewB.swift */,
				742A192B2694651A00026280 /* ViewCapturing */,
				748AFE90268E1923006D8EB0 /* SourceTransformer */,
				748AFE4A268E16FE006D8EB0 /* Assets.xcassets */,
			);
			path = Shared;
			sourceTree = "<group>";
		};
		748AFE50268E16FE006D8EB0 /* Products */ = {
			isa = PBXGroup;
			children = (
				748AFE4F268E16FE006D8EB0 /* UIBoard.app */,
				748AFE57268E16FE006D8EB0 /* UIBoard.app */,
				742A191F269461C000026280 /* Tests iOS.xctest */,
				742A19462694A38700026280 /* Tests macOS.xctest */,
				742A19672694C20400026280 /* SourceTransformer */,
			);
			name = Products;
			sourceTree = "<group>";
		};
		748AFE51268E16FE006D8EB0 /* iOS */ = {
			isa = PBXGroup;
			children = (
				748AFE52268E16FE006D8EB0 /* Info.plist */,
				742A193B2694A02F00026280 /* View+Splitter.swift */,
			);
			path = iOS;
			sourceTree = "<group>";
		};
		748AFE58268E16FE006D8EB0 /* macOS */ = {
			isa = PBXGroup;
			children = (
				748AFE59268E16FE006D8EB0 /* Info.plist */,
				748AFE5A268E16FE006D8EB0 /* macOS.entitlements */,
				742A193E2694A07600026280 /* View+Splitter.swift */,
			);
			path = macOS;
			sourceTree = "<group>";
		};
		748AFE90268E1923006D8EB0 /* SourceTransformer */ = {
			isa = PBXGroup;
			children = (
				74970982268EE1C500890A0A /* SymbolGraph.swift */,
				748AFE91268E1923006D8EB0 /* BodyWrapper.swift */,
				742A19722694C2E800026280 /* ViewGraph.swift */,
			);
			path = SourceTransformer;
			sourceTree = "<group>";
		};
		748AFE99268E1963006D8EB0 /* Frameworks */ = {
			isa = PBXGroup;
			children = (
			);
			name = Frameworks;
			sourceTree = "<group>";
		};
/* End PBXGroup section */

/* Begin PBXNativeTarget section */
		742A191E269461C000026280 /* Tests iOS */ = {
			isa = PBXNativeTarget;
			buildConfigurationList = 742A1926269461C000026280 /* Build configuration list for PBXNativeTarget "Tests iOS" */;
			buildPhases = (
				742A191B269461C000026280 /* Sources */,
				742A191C269461C000026280 /* Frameworks */,
				742A191D269461C000026280 /* Resources */,
			);
			buildRules = (
			);
			dependencies = (
				742A1925269461C000026280 /* PBXTargetDependency */,
			);
			name = "Tests iOS";
			productName = "Tests iOS";
			productReference = 742A191F269461C000026280 /* Tests iOS.xctest */;
			productType = "com.apple.product-type.bundle.unit-test";
		};
		742A19452694A38700026280 /* Tests macOS */ = {
			isa = PBXNativeTarget;
			buildConfigurationList = 742A194D2694A38700026280 /* Build configuration list for PBXNativeTarget "Tests macOS" */;
			buildPhases = (
				742A19422694A38700026280 /* Sources */,
				742A19432694A38700026280 /* Frameworks */,
				742A19442694A38700026280 /* Resources */,
			);
			buildRules = (
			);
			dependencies = (
				742A194C2694A38700026280 /* PBXTargetDependency */,
			);
			name = "Tests macOS";
			packageProductDependencies = (
			);
			productName = "Tests macOS";
			productReference = 742A19462694A38700026280 /* Tests macOS.xctest */;
			productType = "com.apple.product-type.bundle.unit-test";
		};
		742A19662694C20400026280 /* SourceTransformer */ = {
			isa = PBXNativeTarget;
			buildConfigurationList = 742A196B2694C20400026280 /* Build configuration list for PBXNativeTarget "SourceTransformer" */;
			buildPhases = (
				742A19632694C20400026280 /* Sources */,
				742A19642694C20400026280 /* Frameworks */,
				742A19652694C20400026280 /* CopyFiles */,
			);
			buildRules = (
			);
			dependencies = (
			);
			name = SourceTransformer;
			packageProductDependencies = (
				742A19702694C24C00026280 /* SwiftSyntax */,
			);
			productName = SourceTransformer;
			productReference = 742A19672694C20400026280 /* SourceTransformer */;
			productType = "com.apple.product-type.tool";
		};
		748AFE4E268E16FE006D8EB0 /* UIBoard (iOS) */ = {
			isa = PBXNativeTarget;
			buildConfigurationList = 748AFE79268E16FF006D8EB0 /* Build configuration list for PBXNativeTarget "UIBoard (iOS)" */;
			buildPhases = (
				748AFE4B268E16FE006D8EB0 /* Sources */,
				748AFE4C268E16FE006D8EB0 /* Frameworks */,
				748AFE4D268E16FE006D8EB0 /* Resources */,
			);
			buildRules = (
			);
			dependencies = (
			);
			name = "UIBoard (iOS)";
			packageProductDependencies = (
			);
			productName = "UIBoard (iOS)";
			productReference = 748AFE4F268E16FE006D8EB0 /* UIBoard.app */;
			productType = "com.apple.product-type.application";
		};
		748AFE56268E16FE006D8EB0 /* UIBoard (macOS) */ = {
			isa = PBXNativeTarget;
			buildConfigurationList = 748AFE7C268E16FF006D8EB0 /* Build configuration list for PBXNativeTarget "UIBoard (macOS)" */;
			buildPhases = (
				748AFE53268E16FE006D8EB0 /* Sources */,
				748AFE54268E16FE006D8EB0 /* Frameworks */,
				748AFE55268E16FE006D8EB0 /* Resources */,
			);
			buildRules = (
			);
			dependencies = (
			);
			name = "UIBoard (macOS)";
			packageProductDependencies = (
			);
			productName = "UIBoard (macOS)";
			productReference = 748AFE57268E16FE006D8EB0 /* UIBoard.app */;
			productType = "com.apple.product-type.application";
		};
/* End PBXNativeTarget section */

/* Begin PBXProject section */
		748AFE43268E16FC006D8EB0 /* Project object */ = {
			isa = PBXProject;
			attributes = {
				LastSwiftUpdateCheck = 1250;
				LastUpgradeCheck = 1250;
				TargetAttributes = {
					742A191E269461C000026280 = {
						CreatedOnToolsVersion = 12.5.1;
						TestTargetID = 748AFE4E268E16FE006D8EB0;
					};
					742A19452694A38700026280 = {
						CreatedOnToolsVersion = 12.5.1;
						TestTargetID = 748AFE56268E16FE006D8EB0;
					};
					742A19662694C20400026280 = {
						CreatedOnToolsVersion = 12.5.1;
					};
					748AFE4E268E16FE006D8EB0 = {
						CreatedOnToolsVersion = 12.5.1;
					};
					748AFE56268E16FE006D8EB0 = {
						CreatedOnToolsVersion = 12.5.1;
					};
				};
			};
			buildConfigurationList = 748AFE46268E16FC006D8EB0 /* Build configuration list for PBXProject "UIBoard" */;
			compatibilityVersion = "Xcode 9.3";
			developmentRegion = en;
			hasScannedForEncodings = 0;
			knownRegions = (
				en,
				Base,
			);
			mainGroup = 748AFE42268E16FC006D8EB0;
			packageReferences = (
				742A196F2694C24C00026280 /* XCRemoteSwiftPackageReference "swift-syntax" */,
			);
			productRefGroup = 748AFE50268E16FE006D8EB0 /* Products */;
			projectDirPath = "";
			projectRoot = "";
			targets = (
				748AFE4E268E16FE006D8EB0 /* UIBoard (iOS) */,
				748AFE56268E16FE006D8EB0 /* UIBoard (macOS) */,
				742A191E269461C000026280 /* Tests iOS */,
				742A19452694A38700026280 /* Tests macOS */,
				742A19662694C20400026280 /* SourceTransformer */,
			);
		};
/* End PBXProject section */

/* Begin PBXResourcesBuildPhase section */
		742A191D269461C000026280 /* Resources */ = {
			isa = PBXResourcesBuildPhase;
			buildActionMask = 2147483647;
			files = (
			);
			runOnlyForDeploymentPostprocessing = 0;
		};
		742A19442694A38700026280 /* Resources */ = {
			isa = PBXResourcesBuildPhase;
			buildActionMask = 2147483647;
			files = (
			);
			runOnlyForDeploymentPostprocessing = 0;
		};
		748AFE4D268E16FE006D8EB0 /* Resources */ = {
			isa = PBXResourcesBuildPhase;
			buildActionMask = 2147483647;
			files = (
				748AFE75268E16FF006D8EB0 /* Assets.xcassets in Resources */,
			);
			runOnlyForDeploymentPostprocessing = 0;
		};
		748AFE55268E16FE006D8EB0 /* Resources */ = {
			isa = PBXResourcesBuildPhase;
			buildActionMask = 2147483647;
			files = (
				748AFE76268E16FF006D8EB0 /* Assets.xcassets in Resources */,
			);
			runOnlyForDeploymentPostprocessing = 0;
		};
/* End PBXResourcesBuildPhase section */

/* Begin PBXSourcesBuildPhase section */
		742A191B269461C000026280 /* Sources */ = {
			isa = PBXSourcesBuildPhase;
			buildActionMask = 2147483647;
			files = (
				742A1922269461C000026280 /* Tests_iOS.swift in Sources */,
			);
			runOnlyForDeploymentPostprocessing = 0;
		};
		742A19422694A38700026280 /* Sources */ = {
			isa = PBXSourcesBuildPhase;
			buildActionMask = 2147483647;
			files = (
				742A19492694A38700026280 /* Tests_macOS.swift in Sources */,
			);
			runOnlyForDeploymentPostprocessing = 0;
		};
		742A19632694C20400026280 /* Sources */ = {
			isa = PBXSourcesBuildPhase;
			buildActionMask = 2147483647;
			files = (
				742A19752694C2F200026280 /* SymbolGraph.swift in Sources */,
				742A19742694C2EC00026280 /* ViewGraph.swift in Sources */,
				742A196A2694C20400026280 /* main.swift in Sources */,
				742A196E2694C21100026280 /* BodyWrapper.swift in Sources */,
			);
			runOnlyForDeploymentPostprocessing = 0;
		};
		748AFE4B268E16FE006D8EB0 /* Sources */ = {
			isa = PBXSourcesBuildPhase;
			buildActionMask = 2147483647;
			files = (
				742A19412694A34300026280 /* SymbolGraph.swift in Sources */,
				742A1932269465DF00026280 /* View+TypeDescription.swift in Sources */,
				745B7255268E429600222742 /* ViewB.swift in Sources */,
				742A193C2694A02F00026280 /* View+Splitter.swift in Sources */,
				742A192D2694656000026280 /* View+Render.swift in Sources */,
				748AFE73268E16FF006D8EB0 /* ContentView.swift in Sources */,
				742A1935269466FB00026280 /* PreviewCapture.swift in Sources */,
				748AFE9F268E3983006D8EB0 /* TaggedView.swift in Sources */,
				745B7257268E429600222742 /* ViewA.swift in Sources */,
				748AFE71268E16FF006D8EB0 /* UIBoardApp.swift in Sources */,
			);
			runOnlyForDeploymentPostprocessing = 0;
		};
		748AFE53268E16FE006D8EB0 /* Sources */ = {
			isa = PBXSourcesBuildPhase;
			buildActionMask = 2147483647;
			files = (
				742A19762694C3D600026280 /* ViewGraph.swift in Sources */,
				742A19402694A34300026280 /* SymbolGraph.swift in Sources */,
				742A19332694660200026280 /* View+TypeDescription.swift in Sources */,
				745B7256268E429600222742 /* ViewB.swift in Sources */,
				742A193F2694A07600026280 /* View+Splitter.swift in Sources */,
				742A192E2694657700026280 /* View+Render.swift in Sources */,
				748AFE74268E16FF006D8EB0 /* ContentView.swift in Sources */,
				742A1936269466FB00026280 /* PreviewCapture.swift in Sources */,
				748AFEA0268E3983006D8EB0 /* TaggedView.swift in Sources */,
				745B7258268E429600222742 /* ViewA.swift in Sources */,
				748AFE72268E16FF006D8EB0 /* UIBoardApp.swift in Sources */,
			);
			runOnlyForDeploymentPostprocessing = 0;
		};
/* End PBXSourcesBuildPhase section */

/* Begin PBXTargetDependency section */
		742A1925269461C000026280 /* PBXTargetDependency */ = {
			isa = PBXTargetDependency;
			target = 748AFE4E268E16FE006D8EB0 /* UIBoard (iOS) */;
			targetProxy = 742A1924269461C000026280 /* PBXContainerItemProxy */;
		};
		742A194C2694A38700026280 /* PBXTargetDependency */ = {
			isa = PBXTargetDependency;
			target = 748AFE56268E16FE006D8EB0 /* UIBoard (macOS) */;
			targetProxy = 742A194B2694A38700026280 /* PBXContainerItemProxy */;
		};
/* End PBXTargetDependency section */

/* Begin XCBuildConfiguration section */
		742A1927269461C000026280 /* Debug */ = {
			isa = XCBuildConfiguration;
			buildSettings = {
				BUNDLE_LOADER = "$(TEST_HOST)";
				CODE_SIGN_STYLE = Automatic;
				DEVELOPMENT_TEAM = 7TD9A665TC;
				INFOPLIST_FILE = "Tests iOS/Info.plist";
				IPHONEOS_DEPLOYMENT_TARGET = 14.5;
				LD_RUNPATH_SEARCH_PATHS = (
					"$(inherited)",
					"@executable_path/Frameworks",
					"@loader_path/Frameworks",
				);
				PRODUCT_BUNDLE_IDENTIFIER = "com.devian.Tests-iOS";
				PRODUCT_NAME = "$(TARGET_NAME)";
				SDKROOT = iphoneos;
				SWIFT_VERSION = 5.0;
				TARGETED_DEVICE_FAMILY = "1,2";
				TEST_HOST = "$(BUILT_PRODUCTS_DIR)/UIBoard.app/UIBoard";
			};
			name = Debug;
		};
		742A1928269461C000026280 /* Release */ = {
			isa = XCBuildConfiguration;
			buildSettings = {
				BUNDLE_LOADER = "$(TEST_HOST)";
				CODE_SIGN_STYLE = Automatic;
				DEVELOPMENT_TEAM = 7TD9A665TC;
				INFOPLIST_FILE = "Tests iOS/Info.plist";
				IPHONEOS_DEPLOYMENT_TARGET = 14.5;
				LD_RUNPATH_SEARCH_PATHS = (
					"$(inherited)",
					"@executable_path/Frameworks",
					"@loader_path/Frameworks",
				);
				PRODUCT_BUNDLE_IDENTIFIER = "com.devian.Tests-iOS";
				PRODUCT_NAME = "$(TARGET_NAME)";
				SDKROOT = iphoneos;
				SWIFT_VERSION = 5.0;
				TARGETED_DEVICE_FAMILY = "1,2";
				TEST_HOST = "$(BUILT_PRODUCTS_DIR)/UIBoard.app/UIBoard";
				VALIDATE_PRODUCT = YES;
			};
			name = Release;
		};
		742A194E2694A38700026280 /* Debug */ = {
			isa = XCBuildConfiguration;
			buildSettings = {
				BUNDLE_LOADER = "$(TEST_HOST)";
				CODE_SIGN_STYLE = Automatic;
				COMBINE_HIDPI_IMAGES = YES;
				DEVELOPMENT_TEAM = 7TD9A665TC;
				INFOPLIST_FILE = "Tests macOS/Info.plist";
				LD_RUNPATH_SEARCH_PATHS = (
					"$(inherited)",
					"@executable_path/../Frameworks",
					"@loader_path/../Frameworks",
				);
				MACOSX_DEPLOYMENT_TARGET = 11.3;
				PRODUCT_BUNDLE_IDENTIFIER = "com.devian.Tests-macOS";
				PRODUCT_NAME = "$(TARGET_NAME)";
				SDKROOT = macosx;
				SWIFT_VERSION = 5.0;
				TEST_HOST = "$(BUILT_PRODUCTS_DIR)/UIBoard.app/Contents/MacOS/UIBoard";
			};
			name = Debug;
		};
		742A194F2694A38700026280 /* Release */ = {
			isa = XCBuildConfiguration;
			buildSettings = {
				BUNDLE_LOADER = "$(TEST_HOST)";
				CODE_SIGN_STYLE = Automatic;
				COMBINE_HIDPI_IMAGES = YES;
				DEVELOPMENT_TEAM = 7TD9A665TC;
				INFOPLIST_FILE = "Tests macOS/Info.plist";
				LD_RUNPATH_SEARCH_PATHS = (
					"$(inherited)",
					"@executable_path/../Frameworks",
					"@loader_path/../Frameworks",
				);
				MACOSX_DEPLOYMENT_TARGET = 11.3;
				PRODUCT_BUNDLE_IDENTIFIER = "com.devian.Tests-macOS";
				PRODUCT_NAME = "$(TARGET_NAME)";
				SDKROOT = macosx;
				SWIFT_VERSION = 5.0;
				TEST_HOST = "$(BUILT_PRODUCTS_DIR)/UIBoard.app/Contents/MacOS/UIBoard";
			};
			name = Release;
		};
		742A196C2694C20400026280 /* Debug */ = {
			isa = XCBuildConfiguration;
			buildSettings = {
				CODE_SIGN_STYLE = Automatic;
				DEVELOPMENT_TEAM = 7TD9A665TC;
				ENABLE_HARDENED_RUNTIME = YES;
				MACOSX_DEPLOYMENT_TARGET = 11.3;
				PRODUCT_NAME = "$(TARGET_NAME)";
				SDKROOT = macosx;
				SWIFT_VERSION = 5.0;
			};
			name = Debug;
		};
		742A196D2694C20400026280 /* Release */ = {
			isa = XCBuildConfiguration;
			buildSettings = {
				CODE_SIGN_STYLE = Automatic;
				DEVELOPMENT_TEAM = 7TD9A665TC;
				ENABLE_HARDENED_RUNTIME = YES;
				MACOSX_DEPLOYMENT_TARGET = 11.3;
				PRODUCT_NAME = "$(TARGET_NAME)";
				SDKROOT = macosx;
				SWIFT_VERSION = 5.0;
			};
			name = Release;
		};
		748AFE77268E16FF006D8EB0 /* Debug */ = {
			isa = XCBuildConfiguration;
			buildSettings = {
				ALWAYS_SEARCH_USER_PATHS = NO;
				CLANG_ANALYZER_NONNULL = YES;
				CLANG_ANALYZER_NUMBER_OBJECT_CONVERSION = YES_AGGRESSIVE;
				CLANG_CXX_LANGUAGE_STANDARD = "gnu++14";
				CLANG_CXX_LIBRARY = "libc++";
				CLANG_ENABLE_MODULES = YES;
				CLANG_ENABLE_OBJC_ARC = YES;
				CLANG_ENABLE_OBJC_WEAK = YES;
				CLANG_WARN_BLOCK_CAPTURE_AUTORELEASING = YES;
				CLANG_WARN_BOOL_CONVERSION = YES;
				CLANG_WARN_COMMA = YES;
				CLANG_WARN_CONSTANT_CONVERSION = YES;
				CLANG_WARN_DEPRECATED_OBJC_IMPLEMENTATIONS = YES;
				CLANG_WARN_DIRECT_OBJC_ISA_USAGE = YES_ERROR;
				CLANG_WARN_DOCUMENTATION_COMMENTS = YES;
				CLANG_WARN_EMPTY_BODY = YES;
				CLANG_WARN_ENUM_CONVERSION = YES;
				CLANG_WARN_INFINITE_RECURSION = YES;
				CLANG_WARN_INT_CONVERSION = YES;
				CLANG_WARN_NON_LITERAL_NULL_CONVERSION = YES;
				CLANG_WARN_OBJC_IMPLICIT_RETAIN_SELF = YES;
				CLANG_WARN_OBJC_LITERAL_CONVERSION = YES;
				CLANG_WARN_OBJC_ROOT_CLASS = YES_ERROR;
				CLANG_WARN_QUOTED_INCLUDE_IN_FRAMEWORK_HEADER = YES;
				CLANG_WARN_RANGE_LOOP_ANALYSIS = YES;
				CLANG_WARN_STRICT_PROTOTYPES = YES;
				CLANG_WARN_SUSPICIOUS_MOVE = YES;
				CLANG_WARN_UNGUARDED_AVAILABILITY = YES_AGGRESSIVE;
				CLANG_WARN_UNREACHABLE_CODE = YES;
				CLANG_WARN__DUPLICATE_METHOD_MATCH = YES;
				COPY_PHASE_STRIP = NO;
				DEBUG_INFORMATION_FORMAT = dwarf;
				ENABLE_STRICT_OBJC_MSGSEND = YES;
				ENABLE_TESTABILITY = YES;
				GCC_C_LANGUAGE_STANDARD = gnu11;
				GCC_DYNAMIC_NO_PIC = NO;
				GCC_NO_COMMON_BLOCKS = YES;
				GCC_OPTIMIZATION_LEVEL = 0;
				GCC_PREPROCESSOR_DEFINITIONS = (
					"DEBUG=1",
					"$(inherited)",
				);
				GCC_WARN_64_TO_32_BIT_CONVERSION = YES;
				GCC_WARN_ABOUT_RETURN_TYPE = YES_ERROR;
				GCC_WARN_UNDECLARED_SELECTOR = YES;
				GCC_WARN_UNINITIALIZED_AUTOS = YES_AGGRESSIVE;
				GCC_WARN_UNUSED_FUNCTION = YES;
				GCC_WARN_UNUSED_VARIABLE = YES;
				MTL_ENABLE_DEBUG_INFO = INCLUDE_SOURCE;
				MTL_FAST_MATH = YES;
				ONLY_ACTIVE_ARCH = YES;
				SWIFT_ACTIVE_COMPILATION_CONDITIONS = DEBUG;
				SWIFT_OPTIMIZATION_LEVEL = "-Onone";
			};
			name = Debug;
		};
		748AFE78268E16FF006D8EB0 /* Release */ = {
			isa = XCBuildConfiguration;
			buildSettings = {
				ALWAYS_SEARCH_USER_PATHS = NO;
				CLANG_ANALYZER_NONNULL = YES;
				CLANG_ANALYZER_NUMBER_OBJECT_CONVERSION = YES_AGGRESSIVE;
				CLANG_CXX_LANGUAGE_STANDARD = "gnu++14";
				CLANG_CXX_LIBRARY = "libc++";
				CLANG_ENABLE_MODULES = YES;
				CLANG_ENABLE_OBJC_ARC = YES;
				CLANG_ENABLE_OBJC_WEAK = YES;
				CLANG_WARN_BLOCK_CAPTURE_AUTORELEASING = YES;
				CLANG_WARN_BOOL_CONVERSION = YES;
				CLANG_WARN_COMMA = YES;
				CLANG_WARN_CONSTANT_CONVERSION = YES;
				CLANG_WARN_DEPRECATED_OBJC_IMPLEMENTATIONS = YES;
				CLANG_WARN_DIRECT_OBJC_ISA_USAGE = YES_ERROR;
				CLANG_WARN_DOCUMENTATION_COMMENTS = YES;
				CLANG_WARN_EMPTY_BODY = YES;
				CLANG_WARN_ENUM_CONVERSION = YES;
				CLANG_WARN_INFINITE_RECURSION = YES;
				CLANG_WARN_INT_CONVERSION = YES;
				CLANG_WARN_NON_LITERAL_NULL_CONVERSION = YES;
				CLANG_WARN_OBJC_IMPLICIT_RETAIN_SELF = YES;
				CLANG_WARN_OBJC_LITERAL_CONVERSION = YES;
				CLANG_WARN_OBJC_ROOT_CLASS = YES_ERROR;
				CLANG_WARN_QUOTED_INCLUDE_IN_FRAMEWORK_HEADER = YES;
				CLANG_WARN_RANGE_LOOP_ANALYSIS = YES;
				CLANG_WARN_STRICT_PROTOTYPES = YES;
				CLANG_WARN_SUSPICIOUS_MOVE = YES;
				CLANG_WARN_UNGUARDED_AVAILABILITY = YES_AGGRESSIVE;
				CLANG_WARN_UNREACHABLE_CODE = YES;
				CLANG_WARN__DUPLICATE_METHOD_MATCH = YES;
				COPY_PHASE_STRIP = NO;
				DEBUG_INFORMATION_FORMAT = "dwarf-with-dsym";
				ENABLE_NS_ASSERTIONS = NO;
				ENABLE_STRICT_OBJC_MSGSEND = YES;
				GCC_C_LANGUAGE_STANDARD = gnu11;
				GCC_NO_COMMON_BLOCKS = YES;
				GCC_WARN_64_TO_32_BIT_CONVERSION = YES;
				GCC_WARN_ABOUT_RETURN_TYPE = YES_ERROR;
				GCC_WARN_UNDECLARED_SELECTOR = YES;
				GCC_WARN_UNINITIALIZED_AUTOS = YES_AGGRESSIVE;
				GCC_WARN_UNUSED_FUNCTION = YES;
				GCC_WARN_UNUSED_VARIABLE = YES;
				MTL_ENABLE_DEBUG_INFO = NO;
				MTL_FAST_MATH = YES;
				SWIFT_COMPILATION_MODE = wholemodule;
				SWIFT_OPTIMIZATION_LEVEL = "-O";
			};
			name = Release;
		};
		748AFE7A268E16FF006D8EB0 /* Debug */ = {
			isa = XCBuildConfiguration;
			buildSettings = {
				ASSETCATALOG_COMPILER_APPICON_NAME = AppIcon;
				ASSETCATALOG_COMPILER_GLOBAL_ACCENT_COLOR_NAME = AccentColor;
				CODE_SIGN_STYLE = Automatic;
				DEVELOPMENT_TEAM = 7TD9A665TC;
				ENABLE_PREVIEWS = YES;
				INFOPLIST_FILE = iOS/Info.plist;
				IPHONEOS_DEPLOYMENT_TARGET = 14.0;
				LD_RUNPATH_SEARCH_PATHS = (
					"$(inherited)",
					"@executable_path/Frameworks",
				);
				PRODUCT_BUNDLE_IDENTIFIER = com.devian.UIBoard;
				PRODUCT_NAME = UIBoard;
				SDKROOT = iphoneos;
				SWIFT_VERSION = 5.0;
				TARGETED_DEVICE_FAMILY = "1,2";
			};
			name = Debug;
		};
		748AFE7B268E16FF006D8EB0 /* Release */ = {
			isa = XCBuildConfiguration;
			buildSettings = {
				ASSETCATALOG_COMPILER_APPICON_NAME = AppIcon;
				ASSETCATALOG_COMPILER_GLOBAL_ACCENT_COLOR_NAME = AccentColor;
				CODE_SIGN_STYLE = Automatic;
				DEVELOPMENT_TEAM = 7TD9A665TC;
				ENABLE_PREVIEWS = YES;
				INFOPLIST_FILE = iOS/Info.plist;
				IPHONEOS_DEPLOYMENT_TARGET = 14.0;
				LD_RUNPATH_SEARCH_PATHS = (
					"$(inherited)",
					"@executable_path/Frameworks",
				);
				PRODUCT_BUNDLE_IDENTIFIER = com.devian.UIBoard;
				PRODUCT_NAME = UIBoard;
				SDKROOT = iphoneos;
				SWIFT_VERSION = 5.0;
				TARGETED_DEVICE_FAMILY = "1,2";
				VALIDATE_PRODUCT = YES;
			};
			name = Release;
		};
		748AFE7D268E16FF006D8EB0 /* Debug */ = {
			isa = XCBuildConfiguration;
			buildSettings = {
				ASSETCATALOG_COMPILER_APPICON_NAME = AppIcon;
				ASSETCATALOG_COMPILER_GLOBAL_ACCENT_COLOR_NAME = AccentColor;
				CODE_SIGN_ENTITLEMENTS = macOS/macOS.entitlements;
				CODE_SIGN_STYLE = Automatic;
				COMBINE_HIDPI_IMAGES = YES;
				DEVELOPMENT_TEAM = 7TD9A665TC;
				ENABLE_HARDENED_RUNTIME = YES;
				ENABLE_PREVIEWS = YES;
				INFOPLIST_FILE = macOS/Info.plist;
				LD_RUNPATH_SEARCH_PATHS = (
					"$(inherited)",
					"@executable_path/../Frameworks",
				);
				MACOSX_DEPLOYMENT_TARGET = 11.0;
				PRODUCT_BUNDLE_IDENTIFIER = com.devian.UIBoard;
				PRODUCT_NAME = UIBoard;
				SDKROOT = macosx;
				SWIFT_VERSION = 5.0;
			};
			name = Debug;
		};
		748AFE7E268E16FF006D8EB0 /* Release */ = {
			isa = XCBuildConfiguration;
			buildSettings = {
				ASSETCATALOG_COMPILER_APPICON_NAME = AppIcon;
				ASSETCATALOG_COMPILER_GLOBAL_ACCENT_COLOR_NAME = AccentColor;
				CODE_SIGN_ENTITLEMENTS = macOS/macOS.entitlements;
				CODE_SIGN_STYLE = Automatic;
				COMBINE_HIDPI_IMAGES = YES;
				DEVELOPMENT_TEAM = 7TD9A665TC;
				ENABLE_HARDENED_RUNTIME = YES;
				ENABLE_PREVIEWS = YES;
				INFOPLIST_FILE = macOS/Info.plist;
				LD_RUNPATH_SEARCH_PATHS = (
					"$(inherited)",
					"@executable_path/../Frameworks",
				);
				MACOSX_DEPLOYMENT_TARGET = 11.0;
				PRODUCT_BUNDLE_IDENTIFIER = com.devian.UIBoard;
				PRODUCT_NAME = UIBoard;
				SDKROOT = macosx;
				SWIFT_VERSION = 5.0;
			};
			name = Release;
		};
/* End XCBuildConfiguration section */

/* Begin XCConfigurationList section */
		742A1926269461C000026280 /* Build configuration list for PBXNativeTarget "Tests iOS" */ = {
			isa = XCConfigurationList;
			buildConfigurations = (
				742A1927269461C000026280 /* Debug */,
				742A1928269461C000026280 /* Release */,
			);
			defaultConfigurationIsVisible = 0;
			defaultConfigurationName = Release;
		};
		742A194D2694A38700026280 /* Build configuration list for PBXNativeTarget "Tests macOS" */ = {
			isa = XCConfigurationList;
			buildConfigurations = (
				742A194E2694A38700026280 /* Debug */,
				742A194F2694A38700026280 /* Release */,
			);
			defaultConfigurationIsVisible = 0;
			defaultConfigurationName = Release;
		};
		742A196B2694C20400026280 /* Build configuration list for PBXNativeTarget "SourceTransformer" */ = {
			isa = XCConfigurationList;
			buildConfigurations = (
				742A196C2694C20400026280 /* Debug */,
				742A196D2694C20400026280 /* Release */,
			);
			defaultConfigurationIsVisible = 0;
			defaultConfigurationName = Release;
		};
		748AFE46268E16FC006D8EB0 /* Build configuration list for PBXProject "UIBoard" */ = {
			isa = XCConfigurationList;
			buildConfigurations = (
				748AFE77268E16FF006D8EB0 /* Debug */,
				748AFE78268E16FF006D8EB0 /* Release */,
			);
			defaultConfigurationIsVisible = 0;
			defaultConfigurationName = Release;
		};
		748AFE79268E16FF006D8EB0 /* Build configuration list for PBXNativeTarget "UIBoard (iOS)" */ = {
			isa = XCConfigurationList;
			buildConfigurations = (
				748AFE7A268E16FF006D8EB0 /* Debug */,
				748AFE7B268E16FF006D8EB0 /* Release */,
			);
			defaultConfigurationIsVisible = 0;
			defaultConfigurationName = Release;
		};
		748AFE7C268E16FF006D8EB0 /* Build configuration list for PBXNativeTarget "UIBoard (macOS)" */ = {
			isa = XCConfigurationList;
			buildConfigurations = (
				748AFE7D268E16FF006D8EB0 /* Debug */,
				748AFE7E268E16FF006D8EB0 /* Release */,
			);
			defaultConfigurationIsVisible = 0;
			defaultConfigurationName = Release;
		};
/* End XCConfigurationList section */

/* Begin XCRemoteSwiftPackageReference section */
		742A196F2694C24C00026280 /* XCRemoteSwiftPackageReference "swift-syntax" */ = {
			isa = XCRemoteSwiftPackageReference;
			repositoryURL = "https://github.com/apple/swift-syntax.git";
			requirement = {
				branch = 0.50300.0;
				kind = branch;
			};
		};
/* End XCRemoteSwiftPackageReference section */

/* Begin XCSwiftPackageProductDependency section */
		742A19702694C24C00026280 /* SwiftSyntax */ = {
			isa = XCSwiftPackageProductDependency;
			package = 742A196F2694C24C00026280 /* XCRemoteSwiftPackageReference "swift-syntax" */;
			productName = SwiftSyntax;
		};
/* End XCSwiftPackageProductDependency section */
	};
	rootObject = 748AFE43268E16FC006D8EB0 /* Project object */;
}
